langcode: en
status: true
dependencies:
  module:
    - system
  theme:
    - client
id: navigationblock
theme: client
region: header
weight: -3
provider: null
plugin: app.navigation
settings:
  id: app.navigation
  label: 'Navigation Block'
  provider: navigation
  label_display: '0'
visibility:
  request_path:
    id: request_path
    pages: "/user\r\n/user/*"
    negate: true
